// !$*UTF8*$!
{
	archiveVersion = 1;
	classes = {
	};
	objectVersion = 48;
	objects = {

/* Begin PBXBuildFile section */
		423D78E61F9480460012DF36 /* AppDelegate.swift in Sources */ = {isa = PBXBuildFile; fileRef = 423D78E51F9480460012DF36 /* AppDelegate.swift */; };
		423D78E81F9480460012DF36 /* ViewController.swift in Sources */ = {isa = PBXBuildFile; fileRef = 423D78E71F9480460012DF36 /* ViewController.swift */; };
		423D78EB1F9480460012DF36 /* Main.storyboard in Resources */ = {isa = PBXBuildFile; fileRef = 423D78E91F9480460012DF36 /* Main.storyboard */; };
		423D78EE1F9480460012DF36 /* CustomLayoutExample.xcdatamodeld in Sources */ = {isa = PBXBuildFile; fileRef = 423D78EC1F9480460012DF36 /* CustomLayoutExample.xcdatamodeld */; };
		423D78F01F9480460012DF36 /* Assets.xcassets in Resources */ = {isa = PBXBuildFile; fileRef = 423D78EF1F9480460012DF36 /* Assets.xcassets */; };
		423D78F31F9480460012DF36 /* LaunchScreen.storyboard in Resources */ = {isa = PBXBuildFile; fileRef = 423D78F11F9480460012DF36 /* LaunchScreen.storyboard */; };
		423D78FB1F9485650012DF36 /* ReadViewController.swift in Sources */ = {isa = PBXBuildFile; fileRef = 423D78FA1F9485650012DF36 /* ReadViewController.swift */; };
		423D78FD1F9485E90012DF36 /* CommonModel.swift in Sources */ = {isa = PBXBuildFile; fileRef = 423D78FC1F9485E90012DF36 /* CommonModel.swift */; };
		423D78FF1F948A000012DF36 /* BaseViewController.swift in Sources */ = {isa = PBXBuildFile; fileRef = 423D78FE1F948A000012DF36 /* BaseViewController.swift */; };
		423D79011F94ACCE0012DF36 /* FirstViewController.swift in Sources */ = {isa = PBXBuildFile; fileRef = 423D79001F94ACCE0012DF36 /* FirstViewController.swift */; };
		423D79031F94ACDA0012DF36 /* SecondViewController.swift in Sources */ = {isa = PBXBuildFile; fileRef = 423D79021F94ACDA0012DF36 /* SecondViewController.swift */; };
		423D79051F94ACE90012DF36 /* ThirdViewController.swift in Sources */ = {isa = PBXBuildFile; fileRef = 423D79041F94ACE90012DF36 /* ThirdViewController.swift */; };
		423D79691F95CFF10012DF36 /* CusTabBarViewController.swift in Sources */ = {isa = PBXBuildFile; fileRef = 423D79681F95CFF10012DF36 /* CusTabBarViewController.swift */; };
		423D79851F95DE360012DF36 /* twitter@2x.png in Resources */ = {isa = PBXBuildFile; fileRef = 423D79781F95DE360012DF36 /* twitter@2x.png */; };
		423D79861F95DE360012DF36 /* photo.png in Resources */ = {isa = PBXBuildFile; fileRef = 423D79791F95DE360012DF36 /* photo.png */; };
		423D79871F95DE360012DF36 /* google@2x.png in Resources */ = {isa = PBXBuildFile; fileRef = 423D797A1F95DE360012DF36 /* google@2x.png */; };
		423D79881F95DE360012DF36 /* menubar-bg-mini.png in Resources */ = {isa = PBXBuildFile; fileRef = 423D797B1F95DE360012DF36 /* menubar-bg-mini.png */; };
		423D79891F95DE360012DF36 /* rss@2x.png in Resources */ = {isa = PBXBuildFile; fileRef = 423D797C1F95DE360012DF36 /* rss@2x.png */; };
		423D798A1F95DE360012DF36 /* menubar-bg.png in Resources */ = {isa = PBXBuildFile; fileRef = 423D797D1F95DE360012DF36 /* menubar-bg.png */; };
		423D798B1F95DE360012DF36 /* calendar.png in Resources */ = {isa = PBXBuildFile; fileRef = 423D797E1F95DE360012DF36 /* calendar.png */; };
		423D798C1F95DE360012DF36 /* file-tree.png in Resources */ = {isa = PBXBuildFile; fileRef = 423D797F1F95DE360012DF36 /* file-tree.png */; };
		423D798D1F95DE360012DF36 /* designbump@2x.png in Resources */ = {isa = PBXBuildFile; fileRef = 423D79801F95DE360012DF36 /* designbump@2x.png */; };
		423D798E1F95DE360012DF36 /* checkmark@2x.png in Resources */ = {isa = PBXBuildFile; fileRef = 423D79811F95DE360012DF36 /* checkmark@2x.png */; };
		423D798F1F95DE360012DF36 /* connectivity-bar.png in Resources */ = {isa = PBXBuildFile; fileRef = 423D79821F95DE360012DF36 /* connectivity-bar.png */; };
		423D79901F95DE360012DF36 /* homes_119.png in Resources */ = {isa = PBXBuildFile; fileRef = 423D79831F95DE360012DF36 /* homes_119.png */; };
		423D79911F95DE360012DF36 /* facebook@2x.png in Resources */ = {isa = PBXBuildFile; fileRef = 423D79841F95DE360012DF36 /* facebook@2x.png */; };
		423D79931F95F4070012DF36 /* NewAppDelegate.swift in Sources */ = {isa = PBXBuildFile; fileRef = 423D79921F95F4070012DF36 /* NewAppDelegate.swift */; };
/* End PBXBuildFile section */

/* Begin PBXFileReference section */
		423D78E21F9480460012DF36 /* CustomLayoutExample.app */ = {isa = PBXFileReference; explicitFileType = wrapper.application; includeInIndex = 0; path = CustomLayoutExample.app; sourceTree = BUILT_PRODUCTS_DIR; };
		423D78E51F9480460012DF36 /* AppDelegate.swift */ = {isa = PBXFileReference; lastKnownFileType = sourcecode.swift; path = AppDelegate.swift; sourceTree = "<group>"; };
		423D78E71F9480460012DF36 /* ViewController.swift */ = {isa = PBXFileReference; lastKnownFileType = sourcecode.swift; path = ViewController.swift; sourceTree = "<group>"; };
		423D78EA1F9480460012DF36 /* Base */ = {isa = PBXFileReference; lastKnownFileType = file.storyboard; name = Base; path = Base.lproj/Main.storyboard; sourceTree = "<group>"; };
		423D78ED1F9480460012DF36 /* CustomLayoutExample.xcdatamodel */ = {isa = PBXFileReference; lastKnownFileType = wrapper.xcdatamodel; path = CustomLayoutExample.xcdatamodel; sourceTree = "<group>"; };
		423D78EF1F9480460012DF36 /* Assets.xcassets */ = {isa = PBXFileReference; lastKnownFileType = folder.assetcatalog; path = Assets.xcassets; sourceTree = "<group>"; };
		423D78F21F9480460012DF36 /* Base */ = {isa = PBXFileReference; lastKnownFileType = file.storyboard; name = Base; path = Base.lproj/LaunchScreen.storyboard; sourceTree = "<group>"; };
		423D78F41F9480460012DF36 /* Info.plist */ = {isa = PBXFileReference; lastKnownFileType = text.plist.xml; path = Info.plist; sourceTree = "<group>"; };
		423D78FA1F9485650012DF36 /* ReadViewController.swift */ = {isa = PBXFileReference; lastKnownFileType = sourcecode.swift; path = ReadViewController.swift; sourceTree = "<group>"; };
		423D78FC1F9485E90012DF36 /* CommonModel.swift */ = {isa = PBXFileReference; lastKnownFileType = sourcecode.swift; path = CommonModel.swift; sourceTree = "<group>"; };
		423D78FE1F948A000012DF36 /* BaseViewController.swift */ = {isa = PBXFileReference; lastKnownFileType = sourcecode.swift; path = BaseViewController.swift; sourceTree = "<group>"; };
		423D79001F94ACCE0012DF36 /* FirstViewController.swift */ = {isa = PBXFileReference; lastKnownFileType = sourcecode.swift; path = FirstViewController.swift; sourceTree = "<group>"; };
		423D79021F94ACDA0012DF36 /* SecondViewController.swift */ = {isa = PBXFileReference; lastKnownFileType = sourcecode.swift; path = SecondViewController.swift; sourceTree = "<group>"; };
		423D79041F94ACE90012DF36 /* ThirdViewController.swift */ = {isa = PBXFileReference; lastKnownFileType = sourcecode.swift; path = ThirdViewController.swift; sourceTree = "<group>"; };
		423D79681F95CFF10012DF36 /* CusTabBarViewController.swift */ = {isa = PBXFileReference; lastKnownFileType = sourcecode.swift; path = CusTabBarViewController.swift; sourceTree = "<group>"; };
		423D79781F95DE360012DF36 /* twitter@2x.png */ = {isa = PBXFileReference; lastKnownFileType = image.png; path = "twitter@2x.png"; sourceTree = "<group>"; };
		423D79791F95DE360012DF36 /* photo.png */ = {isa = PBXFileReference; lastKnownFileType = image.png; path = photo.png; sourceTree = "<group>"; };
		423D797A1F95DE360012DF36 /* google@2x.png */ = {isa = PBXFileReference; lastKnownFileType = image.png; path = "google@2x.png"; sourceTree = "<group>"; };
		423D797B1F95DE360012DF36 /* menubar-bg-mini.png */ = {isa = PBXFileReference; lastKnownFileType = image.png; path = "menubar-bg-mini.png"; sourceTree = "<group>"; };
		423D797C1F95DE360012DF36 /* rss@2x.png */ = {isa = PBXFileReference; lastKnownFileType = image.png; path = "rss@2x.png"; sourceTree = "<group>"; };
		423D797D1F95DE360012DF36 /* menubar-bg.png */ = {isa = PBXFileReference; lastKnownFileType = image.png; path = "menubar-bg.png"; sourceTree = "<group>"; };
		423D797E1F95DE360012DF36 /* calendar.png */ = {isa = PBXFileReference; lastKnownFileType = image.png; path = calendar.png; sourceTree = "<group>"; };
		423D797F1F95DE360012DF36 /* file-tree.png */ = {isa = PBXFileReference; lastKnownFileType = image.png; path = "file-tree.png"; sourceTree = "<group>"; };
		423D79801F95DE360012DF36 /* designbump@2x.png */ = {isa = PBXFileReference; lastKnownFileType = image.png; path = "designbump@2x.png"; sourceTree = "<group>"; };
		423D79811F95DE360012DF36 /* checkmark@2x.png */ = {isa = PBXFileReference; lastKnownFileType = image.png; path = "checkmark@2x.png"; sourceTree = "<group>"; };
		423D79821F95DE360012DF36 /* connectivity-bar.png */ = {isa = PBXFileReference; lastKnownFileType = image.png; path = "connectivity-bar.png"; sourceTree = "<group>"; };
		423D79831F95DE360012DF36 /* homes_119.png */ = {isa = PBXFileReference; lastKnownFileType = image.png; path = homes_119.png; sourceTree = "<group>"; };
		423D79841F95DE360012DF36 /* facebook@2x.png */ = {isa = PBXFileReference; lastKnownFileType = image.png; path = "facebook@2x.png"; sourceTree = "<group>"; };
		423D79921F95F4070012DF36 /* NewAppDelegate.swift */ = {isa = PBXFileReference; lastKnownFileType = sourcecode.swift; path = NewAppDelegate.swift; sourceTree = "<group>"; };
/* End PBXFileReference section */

/* Begin PBXFrameworksBuildPhase section */
		423D78DF1F9480460012DF36 /* Frameworks */ = {
			isa = PBXFrameworksBuildPhase;
			buildActionMask = 2147483647;
			files = (
			);
			runOnlyForDeploymentPostprocessing = 0;
		};
/* End PBXFrameworksBuildPhase section */

/* Begin PBXGroup section */
		423D78D91F9480460012DF36 = {
			isa = PBXGroup;
			children = (
				423D78E41F9480460012DF36 /* CustomLayoutExample */,
				423D78E31F9480460012DF36 /* Products */,
			);
			sourceTree = "<group>";
		};
		423D78E31F9480460012DF36 /* Products */ = {
			isa = PBXGroup;
			children = (
				423D78E21F9480460012DF36 /* CustomLayoutExample.app */,
			);
			name = Products;
			sourceTree = "<group>";
		};
		423D78E41F9480460012DF36 /* CustomLayoutExample */ = {
			isa = PBXGroup;
			children = (
				423D796A1F95D6C60012DF36 /* Resources */,
				423D78E51F9480460012DF36 /* AppDelegate.swift */,
				423D78E71F9480460012DF36 /* ViewController.swift */,
				423D78E91F9480460012DF36 /* Main.storyboard */,
				423D78EF1F9480460012DF36 /* Assets.xcassets */,
				423D78F11F9480460012DF36 /* LaunchScreen.storyboard */,
				423D78F41F9480460012DF36 /* Info.plist */,
				423D78EC1F9480460012DF36 /* CustomLayoutExample.xcdatamodeld */,
				423D78FA1F9485650012DF36 /* ReadViewController.swift */,
				423D78FC1F9485E90012DF36 /* CommonModel.swift */,
				423D78FE1F948A000012DF36 /* BaseViewController.swift */,
				423D79001F94ACCE0012DF36 /* FirstViewController.swift */,
				423D79021F94ACDA0012DF36 /* SecondViewController.swift */,
				423D79041F94ACE90012DF36 /* ThirdViewController.swift */,
				423D79681F95CFF10012DF36 /* CusTabBarViewController.swift */,
				423D79921F95F4070012DF36 /* NewAppDelegate.swift */,
			);
			path = CustomLayoutExample;
			sourceTree = "<group>";
		};
		423D796A1F95D6C60012DF36 /* Resources */ = {
			isa = PBXGroup;
			children = (
				423D797E1F95DE360012DF36 /* calendar.png */,
				423D79811F95DE360012DF36 /* checkmark@2x.png */,
				423D79821F95DE360012DF36 /* connectivity-bar.png */,
				423D79801F95DE360012DF36 /* designbump@2x.png */,
				423D79841F95DE360012DF36 /* facebook@2x.png */,
				423D797F1F95DE360012DF36 /* file-tree.png */,
				423D797A1F95DE360012DF36 /* google@2x.png */,
				423D79831F95DE360012DF36 /* homes_119.png */,
				423D797B1F95DE360012DF36 /* menubar-bg-mini.png */,
				423D797D1F95DE360012DF36 /* menubar-bg.png */,
				423D79791F95DE360012DF36 /* photo.png */,
				423D797C1F95DE360012DF36 /* rss@2x.png */,
				423D79781F95DE360012DF36 /* twitter@2x.png */,
			);
			path = Resources;
			sourceTree = "<group>";
		};
/* End PBXGroup section */

/* Begin PBXNativeTarget section */
		423D78E11F9480460012DF36 /* CustomLayoutExample */ = {
			isa = PBXNativeTarget;
			buildConfigurationList = 423D78F71F9480460012DF36 /* Build configuration list for PBXNativeTarget "CustomLayoutExample" */;
			buildPhases = (
				423D78DE1F9480460012DF36 /* Sources */,
				423D78DF1F9480460012DF36 /* Frameworks */,
				423D78E01F9480460012DF36 /* Resources */,
			);
			buildRules = (
			);
			dependencies = (
			);
			name = CustomLayoutExample;
			productName = CustomLayoutExample;
			productReference = 423D78E21F9480460012DF36 /* CustomLayoutExample.app */;
			productType = "com.apple.product-type.application";
		};
/* End PBXNativeTarget section */

/* Begin PBXProject section */
		423D78DA1F9480460012DF36 /* Project object */ = {
			isa = PBXProject;
			attributes = {
				LastSwiftUpdateCheck = 0900;
				LastUpgradeCheck = 0900;
				ORGANIZATIONNAME = monk773;
				TargetAttributes = {
					423D78E11F9480460012DF36 = {
						CreatedOnToolsVersion = 9.0;
						ProvisioningStyle = Automatic;
					};
				};
			};
			buildConfigurationList = 423D78DD1F9480460012DF36 /* Build configuration list for PBXProject "CustomLayoutExample" */;
			compatibilityVersion = "Xcode 8.0";
			developmentRegion = en;
			hasScannedForEncodings = 0;
			knownRegions = (
				en,
				Base,
			);
			mainGroup = 423D78D91F9480460012DF36;
			productRefGroup = 423D78E31F9480460012DF36 /* Products */;
			projectDirPath = "";
			projectRoot = "";
			targets = (
				423D78E11F9480460012DF36 /* CustomLayoutExample */,
			);
		};
/* End PBXProject section */

/* Begin PBXResourcesBuildPhase section */
		423D78E01F9480460012DF36 /* Resources */ = {
			isa = PBXResourcesBuildPhase;
			buildActionMask = 2147483647;
			files = (
				423D798D1F95DE360012DF36 /* designbump@2x.png in Resources */,
				423D78F31F9480460012DF36 /* LaunchScreen.storyboard in Resources */,
				423D798C1F95DE360012DF36 /* file-tree.png in Resources */,
				423D79871F95DE360012DF36 /* google@2x.png in Resources */,
				423D78F01F9480460012DF36 /* Assets.xcassets in Resources */,
				423D79881F95DE360012DF36 /* menubar-bg-mini.png in Resources */,
				423D79911F95DE360012DF36 /* facebook@2x.png in Resources */,
				423D79861F95DE360012DF36 /* photo.png in Resources */,
				423D79851F95DE360012DF36 /* twitter@2x.png in Resources */,
				423D798E1F95DE360012DF36 /* checkmark@2x.png in Resources */,
				423D798A1F95DE360012DF36 /* menubar-bg.png in Resources */,
				423D798F1F95DE360012DF36 /* connectivity-bar.png in Resources */,
				423D798B1F95DE360012DF36 /* calendar.png in Resources */,
				423D78EB1F9480460012DF36 /* Main.storyboard in Resources */,
				423D79901F95DE360012DF36 /* homes_119.png in Resources */,
				423D79891F95DE360012DF36 /* rss@2x.png in Resources */,
			);
			runOnlyForDeploymentPostprocessing = 0;
		};
/* End PBXResourcesBuildPhase section */

/* Begin PBXSourcesBuildPhase section */
		423D78DE1F9480460012DF36 /* Sources */ = {
			isa = PBXSourcesBuildPhase;
			buildActionMask = 2147483647;
			files = (
				423D79031F94ACDA0012DF36 /* SecondViewController.swift in Sources */,
				423D79051F94ACE90012DF36 /* ThirdViewController.swift in Sources */,
				423D78EE1F9480460012DF36 /* CustomLayoutExample.xcdatamodeld in Sources */,
				423D78E81F9480460012DF36 /* ViewController.swift in Sources */,
				423D79931F95F4070012DF36 /* NewAppDelegate.swift in Sources */,
				423D78FB1F9485650012DF36 /* ReadViewController.swift in Sources */,
				423D78FD1F9485E90012DF36 /* CommonModel.swift in Sources */,
				423D79011F94ACCE0012DF36 /* FirstViewController.swift in Sources */,
				423D78E61F9480460012DF36 /* AppDelegate.swift in Sources */,
				423D79691F95CFF10012DF36 /* CusTabBarViewController.swift in Sources */,
				423D78FF1F948A000012DF36 /* BaseViewController.swift in Sources */,
			);
			runOnlyForDeploymentPostprocessing = 0;
		};
/* End PBXSourcesBuildPhase section */

/* Begin PBXVariantGroup section */
		423D78E91F9480460012DF36 /* Main.storyboard */ = {
			isa = PBXVariantGroup;
			children = (
				423D78EA1F9480460012DF36 /* Base */,
			);
			name = Main.storyboard;
			sourceTree = "<group>";
		};
		423D78F11F9480460012DF36 /* LaunchScreen.storyboard */ = {
			isa = PBXVariantGroup;
			children = (
				423D78F21F9480460012DF36 /* Base */,
			);
			name = LaunchScreen.storyboard;
			sourceTree = "<group>";
		};
/* End PBXVariantGroup section */

/* Begin XCBuildConfiguration section */
		423D78F51F9480460012DF36 /* Debug */ = {
			isa = XCBuildConfiguration;
			buildSettings = {
				ALWAYS_SEARCH_USER_PATHS = NO;
				CLANG_ANALYZER_NONNULL = YES;
				CLANG_ANALYZER_NUMBER_OBJECT_CONVERSION = YES_AGGRESSIVE;
				CLANG_CXX_LANGUAGE_STANDARD = "gnu++14";
				CLANG_CXX_LIBRARY = "libc++";
				CLANG_ENABLE_MODULES = YES;
				CLANG_ENABLE_OBJC_ARC = YES;
				CLANG_WARN_BLOCK_CAPTURE_AUTORELEASING = YES;
				CLANG_WARN_BOOL_CONVERSION = YES;
				CLANG_WARN_COMMA = YES;
				CLANG_WARN_CONSTANT_CONVERSION = YES;
				CLANG_WARN_DIRECT_OBJC_ISA_USAGE = YES_ERROR;
				CLANG_WARN_DOCUMENTATION_COMMENTS = YES;
				CLANG_WARN_EMPTY_BODY = YES;
				CLANG_WARN_ENUM_CONVERSION = YES;
				CLANG_WARN_INFINITE_RECURSION = YES;
				CLANG_WARN_INT_CONVERSION = YES;
				CLANG_WARN_NON_LITERAL_NULL_CONVERSION = YES;
				CLANG_WARN_OBJC_LITERAL_CONVERSION = YES;
				CLANG_WARN_OBJC_ROOT_CLASS = YES_ERROR;
				CLANG_WARN_RANGE_LOOP_ANALYSIS = YES;
				CLANG_WARN_STRICT_PROTOTYPES = YES;
				CLANG_WARN_SUSPICIOUS_MOVE = YES;
				CLANG_WARN_UNGUARDED_AVAILABILITY = YES_AGGRESSIVE;
				CLANG_WARN_UNREACHABLE_CODE = YES;
				CLANG_WARN__DUPLICATE_METHOD_MATCH = YES;
				CODE_SIGN_IDENTITY = "iPhone Developer";
				COPY_PHASE_STRIP = NO;
				DEBUG_INFORMATION_FORMAT = dwarf;
				ENABLE_STRICT_OBJC_MSGSEND = YES;
				ENABLE_TESTABILITY = YES;
				GCC_C_LANGUAGE_STANDARD = gnu11;
				GCC_DYNAMIC_NO_PIC = NO;
				GCC_NO_COMMON_BLOCKS = YES;
				GCC_OPTIMIZATION_LEVEL = 0;
				GCC_PREPROCESSOR_DEFINITIONS = (
					"DEBUG=1",
					"$(inherited)",
				);
				GCC_WARN_64_TO_32_BIT_CONVERSION = YES;
				GCC_WARN_ABOUT_RETURN_TYPE = YES_ERROR;
				GCC_WARN_UNDECLARED_SELECTOR = YES;
				GCC_WARN_UNINITIALIZED_AUTOS = YES_AGGRESSIVE;
				GCC_WARN_UNUSED_FUNCTION = YES;
				GCC_WARN_UNUSED_VARIABLE = YES;
				IPHONEOS_DEPLOYMENT_TARGET = 11.0;
				MTL_ENABLE_DEBUG_INFO = YES;
				ONLY_ACTIVE_ARCH = YES;
				SDKROOT = iphoneos;
				SWIFT_ACTIVE_COMPILATION_CONDITIONS = DEBUG;
				SWIFT_OPTIMIZATION_LEVEL = "-Onone";
			};
			name = Debug;
		};
		423D78F61F9480460012DF36 /* Release */ = {
			isa = XCBuildConfiguration;
			buildSettings = {
				ALWAYS_SEARCH_USER_PATHS = NO;
				CLANG_ANALYZER_NONNULL = YES;
				CLANG_ANALYZER_NUMBER_OBJECT_CONVERSION = YES_AGGRESSIVE;
				CLANG_CXX_LANGUAGE_STANDARD = "gnu++14";
				CLANG_CXX_LIBRARY = "libc++";
				CLANG_ENABLE_MODULES = YES;
				CLANG_ENABLE_OBJC_ARC = YES;
				CLANG_WARN_BLOCK_CAPTURE_AUTORELEASING = YES;
				CLANG_WARN_BOOL_CONVERSION = YES;
				CLANG_WARN_COMMA = YES;
				CLANG_WARN_CONSTANT_CONVERSION = YES;
				CLANG_WARN_DIRECT_OBJC_ISA_USAGE = YES_ERROR;
				CLANG_WARN_DOCUMENTATION_COMMENTS = YES;
				CLANG_WARN_EMPTY_BODY = YES;
				CLANG_WARN_ENUM_CONVERSION = YES;
				CLANG_WARN_INFINITE_RECURSION = YES;
				CLANG_WARN_INT_CONVERSION = YES;
				CLANG_WARN_NON_LITERAL_NULL_CONVERSION = YES;
				CLANG_WARN_OBJC_LITERAL_CONVERSION = YES;
				CLANG_WARN_OBJC_ROOT_CLASS = YES_ERROR;
				CLANG_WARN_RANGE_LOOP_ANALYSIS = YES;
				CLANG_WARN_STRICT_PROTOTYPES = YES;
				CLANG_WARN_SUSPICIOUS_MOVE = YES;
				CLANG_WARN_UNGUARDED_AVAILABILITY = YES_AGGRESSIVE;
				CLANG_WARN_UNREACHABLE_CODE = YES;
				CLANG_WARN__DUPLICATE_METHOD_MATCH = YES;
				CODE_SIGN_IDENTITY = "iPhone Developer";
				COPY_PHASE_STRIP = NO;
				DEBUG_INFORMATION_FORMAT = "dwarf-with-dsym";
				ENABLE_NS_ASSERTIONS = NO;
				ENABLE_STRICT_OBJC_MSGSEND = YES;
				GCC_C_LANGUAGE_STANDARD = gnu11;
				GCC_NO_COMMON_BLOCKS = YES;
				GCC_WARN_64_TO_32_BIT_CONVERSION = YES;
				GCC_WARN_ABOUT_RETURN_TYPE = YES_ERROR;
				GCC_WARN_UNDECLARED_SELECTOR = YES;
				GCC_WARN_UNINITIALIZED_AUTOS = YES_AGGRESSIVE;
				GCC_WARN_UNUSED_FUNCTION = YES;
				GCC_WARN_UNUSED_VARIABLE = YES;
				IPHONEOS_DEPLOYMENT_TARGET = 11.0;
				MTL_ENABLE_DEBUG_INFO = NO;
				SDKROOT = iphoneos;
				SWIFT_OPTIMIZATION_LEVEL = "-Owholemodule";
				VALIDATE_PRODUCT = YES;
			};
			name = Release;
		};
		423D78F81F9480460012DF36 /* Debug */ = {
			isa = XCBuildConfiguration;
			buildSettings = {
				ASSETCATALOG_COMPILER_APPICON_NAME = AppIcon;
				CODE_SIGN_STYLE = Automatic;
				DEVELOPMENT_TEAM = B68R597UJX;
				INFOPLIST_FILE = CustomLayoutExample/Info.plist;
				LD_RUNPATH_SEARCH_PATHS = "$(inherited) @executable_path/Frameworks";
				PRODUCT_BUNDLE_IDENTIFIER = com.monk773.CustomLayoutExample;
				PRODUCT_NAME = "$(TARGET_NAME)";
				SWIFT_VERSION = 4.0;
				TARGETED_DEVICE_FAMILY = "1,2";
			};
			name = Debug;
		};
		423D78F91F9480460012DF36 /* Release */ = {
			isa = XCBuildConfiguration;
			buildSettings = {
				ASSETCATALOG_COMPILER_APPICON_NAME = AppIcon;
				CODE_SIGN_STYLE = Automatic;
				DEVELOPMENT_TEAM = B68R597UJX;
				INFOPLIST_FILE = CustomLayoutExample/Info.plist;
				LD_RUNPATH_SEARCH_PATHS = "$(inherited) @executable_path/Frameworks";
				PRODUCT_BUNDLE_IDENTIFIER = com.monk773.CustomLayoutExample;
				PRODUCT_NAME = "$(TARGET_NAME)";
				SWIFT_VERSION = 4.0;
				TARGETED_DEVICE_FAMILY = "1,2";
			};
			name = Release;
		};
/* End XCBuildConfiguration section */

/* Begin XCConfigurationList section */
		423D78DD1F9480460012DF36 /* Build configuration list for PBXProject "CustomLayoutExample" */ = {
			isa = XCConfigurationList;
			buildConfigurations = (
				423D78F51F9480460012DF36 /* Debug */,
				423D78F61F9480460012DF36 /* Release */,
			);
			defaultConfigurationIsVisible = 0;
			defaultConfigurationName = Release;
		};
		423D78F71F9480460012DF36 /* Build configuration list for PBXNativeTarget "CustomLayoutExample" */ = {
			isa = XCConfigurationList;
			buildConfigurations = (
				423D78F81F9480460012DF36 /* Debug */,
				423D78F91F9480460012DF36 /* Release */,
			);
			defaultConfigurationIsVisible = 0;
			defaultConfigurationName = Release;
		};
/* End XCConfigurationList section */

/* Begin XCVersionGroup section */
		423D78EC1F9480460012DF36 /* CustomLayoutExample.xcdatamodeld */ = {
			isa = XCVersionGroup;
			children = (
				423D78ED1F9480460012DF36 /* CustomLayoutExample.xcdatamodel */,
			);
			currentVersion = 423D78ED1F9480460012DF36 /* CustomLayoutExample.xcdatamodel */;
			path = CustomLayoutExample.xcdatamodeld;
			sourceTree = "<group>";
			versionGroupType = wrapper.xcdatamodel;
		};
/* End XCVersionGroup section */
	};
	rootObject = 423D78DA1F9480460012DF36 /* Project object */;
}
